
Microsoft Visual Studio Solution File, Format Version 12.00
# Visual Studio Version 16
VisualStudioVersion = 16.0.31005.135
MinimumVisualStudioVersion = 10.0.40219.1
Project("{FAE04EC0-301F-11D3-BF4B-00C04F79EFBC}") = "sales-system", "sales-system\sales-system.csproj", "{4FD1CC92-5A76-44B8-88C5-212CF57C0DE2}"
EndProject
Global
	GlobalSection(SolutionConfigurationPlatforms) = preSolution
		Debug|Any CPU = Debug|Any CPU
		Release|Any CPU = Release|Any CPU
	EndGlobalSection
	GlobalSection(ProjectConfigurationPlatforms) = postSolution
		{4FD1CC92-5A76-44B8-88C5-212CF57C0DE2}.Debug|Any CPU.ActiveCfg = Debug|Any CPU
		{4FD1CC92-5A76-44B8-88C5-212CF57C0DE2}.Debug|Any CPU.Build.0 = Debug|Any CPU
		{4FD1CC92-5A76-44B8-88C5-212CF57C0DE2}.Release|Any CPU.ActiveCfg = Release|Any CPU
		{4FD1CC92-5A76-44B8-88C5-212CF57C0DE2}.Release|Any CPU.Build.0 = Release|Any CPU
	EndGlobalSection
	GlobalSection(SolutionProperties) = preSolution
		HideSolutionNode = FALSE
	EndGlobalSection
	GlobalSection(ExtensibilityGlobals) = postSolution
		SolutionGuid = {5C32473E-4378-4CEB-B4BA-05AC7252313C}
	EndGlobalSection
EndGlobal
